// !$*UTF8*$!
{
	archiveVersion = 1;
	classes = {
	};
	objectVersion = 48;
	objects = {

/* Begin PBXBuildFile section */
		71ED8A5F1FAF0275002DF6A9 /* AppDelegate.m in Sources */ = {isa = PBXBuildFile; fileRef = 71ED8A5E1FAF0275002DF6A9 /* AppDelegate.m */; };
		71ED8A621FAF0275002DF6A9 /* StructuresViewController.m in Sources */ = {isa = PBXBuildFile; fileRef = 71ED8A611FAF0275002DF6A9 /* StructuresViewController.m */; };
		71ED8A651FAF0275002DF6A9 /* Main.storyboard in Resources */ = {isa = PBXBuildFile; fileRef = 71ED8A631FAF0275002DF6A9 /* Main.storyboard */; };
		71ED8A671FAF0275002DF6A9 /* Assets.xcassets in Resources */ = {isa = PBXBuildFile; fileRef = 71ED8A661FAF0275002DF6A9 /* Assets.xcassets */; };
		71ED8A6A1FAF0275002DF6A9 /* LaunchScreen.storyboard in Resources */ = {isa = PBXBuildFile; fileRef = 71ED8A681FAF0275002DF6A9 /* LaunchScreen.storyboard */; };
		71ED8A6D1FAF0275002DF6A9 /* main.m in Sources */ = {isa = PBXBuildFile; fileRef = 71ED8A6C1FAF0275002DF6A9 /* main.m */; };
		71ED8A771FAF0275002DF6A9 /* NestExampleTests.m in Sources */ = {isa = PBXBuildFile; fileRef = 71ED8A761FAF0275002DF6A9 /* NestExampleTests.m */; };
		71ED8A841FAF029E002DF6A9 /* AccessToken.m in Sources */ = {isa = PBXBuildFile; fileRef = 71ED8A831FAF029E002DF6A9 /* AccessToken.m */; };
		71ED8A8A1FAF074F002DF6A9 /* AuthenticationManager.m in Sources */ = {isa = PBXBuildFile; fileRef = 71ED8A891FAF074F002DF6A9 /* AuthenticationManager.m */; };
		71ED8A8D1FAF0980002DF6A9 /* Constants.m in Sources */ = {isa = PBXBuildFile; fileRef = 71ED8A8C1FAF0980002DF6A9 /* Constants.m */; };
		71ED8A911FAF33E6002DF6A9 /* Keychain.m in Sources */ = {isa = PBXBuildFile; fileRef = 71ED8A901FAF33E6002DF6A9 /* Keychain.m */; };
		71ED8A941FAF3F37002DF6A9 /* AuthenticationViewController.m in Sources */ = {isa = PBXBuildFile; fileRef = 71ED8A931FAF3F37002DF6A9 /* AuthenticationViewController.m */; };
		71ED8A9C1FB05ABE002DF6A9 /* RESTClient.m in Sources */ = {isa = PBXBuildFile; fileRef = 71ED8A9B1FB05ABE002DF6A9 /* RESTClient.m */; };
		71ED8AA21FB05D3C002DF6A9 /* NSURL+Nest.m in Sources */ = {isa = PBXBuildFile; fileRef = 71ED8AA11FB05D3C002DF6A9 /* NSURL+Nest.m */; };
		71ED8AA51FB0611B002DF6A9 /* NSMutableURLRequest+Nest.m in Sources */ = {isa = PBXBuildFile; fileRef = 71ED8AA41FB0611B002DF6A9 /* NSMutableURLRequest+Nest.m */; };
		71ED8AA81FB068DA002DF6A9 /* NestNavigationController.m in Sources */ = {isa = PBXBuildFile; fileRef = 71ED8AA71FB068DA002DF6A9 /* NestNavigationController.m */; };
		71ED8AAC1FB08C5B002DF6A9 /* StructureManager.m in Sources */ = {isa = PBXBuildFile; fileRef = 71ED8AAB1FB08C5B002DF6A9 /* StructureManager.m */; };
		71ED8AAF1FB0F376002DF6A9 /* Structure.m in Sources */ = {isa = PBXBuildFile; fileRef = 71ED8AAE1FB0F376002DF6A9 /* Structure.m */; };
		71ED8AB21FB0F6D4002DF6A9 /* Thermostat.m in Sources */ = {isa = PBXBuildFile; fileRef = 71ED8AB11FB0F6D4002DF6A9 /* Thermostat.m */; };
		71ED8AB71FB1972A002DF6A9 /* StructureTableViewCell.m in Sources */ = {isa = PBXBuildFile; fileRef = 71ED8AB61FB1972A002DF6A9 /* StructureTableViewCell.m */; };
/* End PBXBuildFile section */

/* Begin PBXContainerItemProxy section */
		71ED8A731FAF0275002DF6A9 /* PBXContainerItemProxy */ = {
			isa = PBXContainerItemProxy;
			containerPortal = 71ED8A521FAF0275002DF6A9 /* Project object */;
			proxyType = 1;
			remoteGlobalIDString = 71ED8A591FAF0275002DF6A9;
			remoteInfo = NestExample;
		};
/* End PBXContainerItemProxy section */

/* Begin PBXFileReference section */
		71ED8A5A1FAF0275002DF6A9 /* NestExample.app */ = {isa = PBXFileReference; explicitFileType = wrapper.application; includeInIndex = 0; path = NestExample.app; sourceTree = BUILT_PRODUCTS_DIR; };
		71ED8A5D1FAF0275002DF6A9 /* AppDelegate.h */ = {isa = PBXFileReference; lastKnownFileType = sourcecode.c.h; path = AppDelegate.h; sourceTree = "<group>"; };
		71ED8A5E1FAF0275002DF6A9 /* AppDelegate.m */ = {isa = PBXFileReference; lastKnownFileType = sourcecode.c.objc; path = AppDelegate.m; sourceTree = "<group>"; };
		71ED8A601FAF0275002DF6A9 /* StructuresViewController.h */ = {isa = PBXFileReference; lastKnownFileType = sourcecode.c.h; path = StructuresViewController.h; sourceTree = "<group>"; };
		71ED8A611FAF0275002DF6A9 /* StructuresViewController.m */ = {isa = PBXFileReference; lastKnownFileType = sourcecode.c.objc; path = StructuresViewController.m; sourceTree = "<group>"; };
		71ED8A641FAF0275002DF6A9 /* Base */ = {isa = PBXFileReference; lastKnownFileType = file.storyboard; name = Base; path = Base.lproj/Main.storyboard; sourceTree = "<group>"; };
		71ED8A661FAF0275002DF6A9 /* Assets.xcassets */ = {isa = PBXFileReference; lastKnownFileType = folder.assetcatalog; path = Assets.xcassets; sourceTree = "<group>"; };
		71ED8A691FAF0275002DF6A9 /* Base */ = {isa = PBXFileReference; lastKnownFileType = file.storyboard; name = Base; path = Base.lproj/LaunchScreen.storyboard; sourceTree = "<group>"; };
		71ED8A6B1FAF0275002DF6A9 /* Info.plist */ = {isa = PBXFileReference; lastKnownFileType = text.plist.xml; path = Info.plist; sourceTree = "<group>"; };
		71ED8A6C1FAF0275002DF6A9 /* main.m */ = {isa = PBXFileReference; lastKnownFileType = sourcecode.c.objc; path = main.m; sourceTree = "<group>"; };
		71ED8A721FAF0275002DF6A9 /* NestExampleTests.xctest */ = {isa = PBXFileReference; explicitFileType = wrapper.cfbundle; includeInIndex = 0; path = NestExampleTests.xctest; sourceTree = BUILT_PRODUCTS_DIR; };
		71ED8A761FAF0275002DF6A9 /* NestExampleTests.m */ = {isa = PBXFileReference; lastKnownFileType = sourcecode.c.objc; path = NestExampleTests.m; sourceTree = "<group>"; };
		71ED8A781FAF0275002DF6A9 /* Info.plist */ = {isa = PBXFileReference; lastKnownFileType = text.plist.xml; path = Info.plist; sourceTree = "<group>"; };
		71ED8A821FAF029E002DF6A9 /* AccessToken.h */ = {isa = PBXFileReference; lastKnownFileType = sourcecode.c.h; path = AccessToken.h; sourceTree = "<group>"; };
		71ED8A831FAF029E002DF6A9 /* AccessToken.m */ = {isa = PBXFileReference; lastKnownFileType = sourcecode.c.objc; path = AccessToken.m; sourceTree = "<group>"; };
		71ED8A861FAF0315002DF6A9 /* JSONDecodable.h */ = {isa = PBXFileReference; lastKnownFileType = sourcecode.c.h; path = JSONDecodable.h; sourceTree = "<group>"; };
		71ED8A881FAF074F002DF6A9 /* AuthenticationManager.h */ = {isa = PBXFileReference; lastKnownFileType = sourcecode.c.h; path = AuthenticationManager.h; sourceTree = "<group>"; };
		71ED8A891FAF074F002DF6A9 /* AuthenticationManager.m */ = {isa = PBXFileReference; lastKnownFileType = sourcecode.c.objc; path = AuthenticationManager.m; sourceTree = "<group>"; };
		71ED8A8B1FAF0980002DF6A9 /* Constants.h */ = {isa = PBXFileReference; lastKnownFileType = sourcecode.c.h; path = Constants.h; sourceTree = "<group>"; };
		71ED8A8C1FAF0980002DF6A9 /* Constants.m */ = {isa = PBXFileReference; lastKnownFileType = sourcecode.c.objc; path = Constants.m; sourceTree = "<group>"; };
		71ED8A8F1FAF33E6002DF6A9 /* Keychain.h */ = {isa = PBXFileReference; lastKnownFileType = sourcecode.c.h; path = Keychain.h; sourceTree = "<group>"; };
		71ED8A901FAF33E6002DF6A9 /* Keychain.m */ = {isa = PBXFileReference; lastKnownFileType = sourcecode.c.objc; path = Keychain.m; sourceTree = "<group>"; };
		71ED8A921FAF3F37002DF6A9 /* AuthenticationViewController.h */ = {isa = PBXFileReference; lastKnownFileType = sourcecode.c.h; path = AuthenticationViewController.h; sourceTree = "<group>"; };
		71ED8A931FAF3F37002DF6A9 /* AuthenticationViewController.m */ = {isa = PBXFileReference; lastKnownFileType = sourcecode.c.objc; path = AuthenticationViewController.m; sourceTree = "<group>"; };
		71ED8A9A1FB05ABE002DF6A9 /* RESTClient.h */ = {isa = PBXFileReference; lastKnownFileType = sourcecode.c.h; path = RESTClient.h; sourceTree = "<group>"; };
		71ED8A9B1FB05ABE002DF6A9 /* RESTClient.m */ = {isa = PBXFileReference; lastKnownFileType = sourcecode.c.objc; path = RESTClient.m; sourceTree = "<group>"; };
		71ED8AA01FB05D3C002DF6A9 /* NSURL+Nest.h */ = {isa = PBXFileReference; lastKnownFileType = sourcecode.c.h; path = "NSURL+Nest.h"; sourceTree = "<group>"; };
		71ED8AA11FB05D3C002DF6A9 /* NSURL+Nest.m */ = {isa = PBXFileReference; lastKnownFileType = sourcecode.c.objc; path = "NSURL+Nest.m"; sourceTree = "<group>"; };
		71ED8AA31FB0611B002DF6A9 /* NSMutableURLRequest+Nest.h */ = {isa = PBXFileReference; lastKnownFileType = sourcecode.c.h; path = "NSMutableURLRequest+Nest.h"; sourceTree = "<group>"; };
		71ED8AA41FB0611B002DF6A9 /* NSMutableURLRequest+Nest.m */ = {isa = PBXFileReference; lastKnownFileType = sourcecode.c.objc; path = "NSMutableURLRequest+Nest.m"; sourceTree = "<group>"; };
		71ED8AA61FB068DA002DF6A9 /* NestNavigationController.h */ = {isa = PBXFileReference; lastKnownFileType = sourcecode.c.h; path = NestNavigationController.h; sourceTree = "<group>"; };
		71ED8AA71FB068DA002DF6A9 /* NestNavigationController.m */ = {isa = PBXFileReference; lastKnownFileType = sourcecode.c.objc; path = NestNavigationController.m; sourceTree = "<group>"; };
		71ED8AAA1FB08C5B002DF6A9 /* StructureManager.h */ = {isa = PBXFileReference; lastKnownFileType = sourcecode.c.h; path = StructureManager.h; sourceTree = "<group>"; };
		71ED8AAB1FB08C5B002DF6A9 /* StructureManager.m */ = {isa = PBXFileReference; lastKnownFileType = sourcecode.c.objc; path = StructureManager.m; sourceTree = "<group>"; };
		71ED8AAD1FB0F376002DF6A9 /* Structure.h */ = {isa = PBXFileReference; lastKnownFileType = sourcecode.c.h; path = Structure.h; sourceTree = "<group>"; };
		71ED8AAE1FB0F376002DF6A9 /* Structure.m */ = {isa = PBXFileReference; lastKnownFileType = sourcecode.c.objc; path = Structure.m; sourceTree = "<group>"; };
		71ED8AB01FB0F6D4002DF6A9 /* Thermostat.h */ = {isa = PBXFileReference; lastKnownFileType = sourcecode.c.h; path = Thermostat.h; sourceTree = "<group>"; };
		71ED8AB11FB0F6D4002DF6A9 /* Thermostat.m */ = {isa = PBXFileReference; lastKnownFileType = sourcecode.c.objc; path = Thermostat.m; sourceTree = "<group>"; };
		71ED8AB51FB1972A002DF6A9 /* StructureTableViewCell.h */ = {isa = PBXFileReference; lastKnownFileType = sourcecode.c.h; path = StructureTableViewCell.h; sourceTree = "<group>"; };
		71ED8AB61FB1972A002DF6A9 /* StructureTableViewCell.m */ = {isa = PBXFileReference; lastKnownFileType = sourcecode.c.objc; path = StructureTableViewCell.m; sourceTree = "<group>"; };
/* End PBXFileReference section */

/* Begin PBXFrameworksBuildPhase section */
		71ED8A571FAF0275002DF6A9 /* Frameworks */ = {
			isa = PBXFrameworksBuildPhase;
			buildActionMask = 2147483647;
			files = (
			);
			runOnlyForDeploymentPostprocessing = 0;
		};
		71ED8A6F1FAF0275002DF6A9 /* Frameworks */ = {
			isa = PBXFrameworksBuildPhase;
			buildActionMask = 2147483647;
			files = (
			);
			runOnlyForDeploymentPostprocessing = 0;
		};
/* End PBXFrameworksBuildPhase section */

/* Begin PBXGroup section */
		71ED8A511FAF0275002DF6A9 = {
			isa = PBXGroup;
			children = (
				71ED8A5C1FAF0275002DF6A9 /* NestExample */,
				71ED8A751FAF0275002DF6A9 /* NestExampleTests */,
				71ED8A5B1FAF0275002DF6A9 /* Products */,
			);
			sourceTree = "<group>";
		};
		71ED8A5B1FAF0275002DF6A9 /* Products */ = {
			isa = PBXGroup;
			children = (
				71ED8A5A1FAF0275002DF6A9 /* NestExample.app */,
				71ED8A721FAF0275002DF6A9 /* NestExampleTests.xctest */,
			);
			name = Products;
			sourceTree = "<group>";
		};
		71ED8A5C1FAF0275002DF6A9 /* NestExample */ = {
			isa = PBXGroup;
			children = (
				71ED8A811FAF027E002DF6A9 /* Models */,
				71ED8AA91FB08C41002DF6A9 /* Managers */,
				71ED8A991FB05A9A002DF6A9 /* REST */,
				71ED8A8E1FAF33D0002DF6A9 /* Keychain */,
				71ED8A871FAF0731002DF6A9 /* Authentication */,
				71ED8AB31FB1966E002DF6A9 /* Structures */,
				71ED8A5D1FAF0275002DF6A9 /* AppDelegate.h */,
				71ED8A5E1FAF0275002DF6A9 /* AppDelegate.m */,
				71ED8AA61FB068DA002DF6A9 /* NestNavigationController.h */,
				71ED8AA71FB068DA002DF6A9 /* NestNavigationController.m */,
				71ED8A8B1FAF0980002DF6A9 /* Constants.h */,
				71ED8A8C1FAF0980002DF6A9 /* Constants.m */,
				71ED8A631FAF0275002DF6A9 /* Main.storyboard */,
				71ED8A661FAF0275002DF6A9 /* Assets.xcassets */,
				71ED8A681FAF0275002DF6A9 /* LaunchScreen.storyboard */,
				71ED8A6B1FAF0275002DF6A9 /* Info.plist */,
				71ED8A6C1FAF0275002DF6A9 /* main.m */,
			);
			path = NestExample;
			sourceTree = "<group>";
		};
		71ED8A751FAF0275002DF6A9 /* NestExampleTests */ = {
			isa = PBXGroup;
			children = (
				71ED8A761FAF0275002DF6A9 /* NestExampleTests.m */,
				71ED8A781FAF0275002DF6A9 /* Info.plist */,
			);
			path = NestExampleTests;
			sourceTree = "<group>";
		};
		71ED8A811FAF027E002DF6A9 /* Models */ = {
			isa = PBXGroup;
			children = (
				71ED8A861FAF0315002DF6A9 /* JSONDecodable.h */,
				71ED8A821FAF029E002DF6A9 /* AccessToken.h */,
				71ED8A831FAF029E002DF6A9 /* AccessToken.m */,
				71ED8AAD1FB0F376002DF6A9 /* Structure.h */,
				71ED8AAE1FB0F376002DF6A9 /* Structure.m */,
				71ED8AB01FB0F6D4002DF6A9 /* Thermostat.h */,
				71ED8AB11FB0F6D4002DF6A9 /* Thermostat.m */,
			);
			path = Models;
			sourceTree = "<group>";
		};
		71ED8A871FAF0731002DF6A9 /* Authentication */ = {
			isa = PBXGroup;
			children = (
				71ED8A881FAF074F002DF6A9 /* AuthenticationManager.h */,
				71ED8A891FAF074F002DF6A9 /* AuthenticationManager.m */,
				71ED8A921FAF3F37002DF6A9 /* AuthenticationViewController.h */,
				71ED8A931FAF3F37002DF6A9 /* AuthenticationViewController.m */,
			);
			path = Authentication;
			sourceTree = "<group>";
		};
		71ED8A8E1FAF33D0002DF6A9 /* Keychain */ = {
			isa = PBXGroup;
			children = (
				71ED8A8F1FAF33E6002DF6A9 /* Keychain.h */,
				71ED8A901FAF33E6002DF6A9 /* Keychain.m */,
			);
			path = Keychain;
			sourceTree = "<group>";
		};
		71ED8A991FB05A9A002DF6A9 /* REST */ = {
			isa = PBXGroup;
			children = (
				71ED8A9A1FB05ABE002DF6A9 /* RESTClient.h */,
				71ED8A9B1FB05ABE002DF6A9 /* RESTClient.m */,
				71ED8AA01FB05D3C002DF6A9 /* NSURL+Nest.h */,
				71ED8AA11FB05D3C002DF6A9 /* NSURL+Nest.m */,
				71ED8AA31FB0611B002DF6A9 /* NSMutableURLRequest+Nest.h */,
				71ED8AA41FB0611B002DF6A9 /* NSMutableURLRequest+Nest.m */,
			);
			path = REST;
			sourceTree = "<group>";
		};
		71ED8AA91FB08C41002DF6A9 /* Managers */ = {
			isa = PBXGroup;
			children = (
				71ED8AAA1FB08C5B002DF6A9 /* StructureManager.h */,
				71ED8AAB1FB08C5B002DF6A9 /* StructureManager.m */,
			);
			path = Managers;
			sourceTree = "<group>";
		};
		71ED8AB31FB1966E002DF6A9 /* Structures */ = {
			isa = PBXGroup;
			children = (
				71ED8AB41FB19703002DF6A9 /* Cells */,
				71ED8A601FAF0275002DF6A9 /* StructuresViewController.h */,
				71ED8A611FAF0275002DF6A9 /* StructuresViewController.m */,
			);
			path = Structures;
			sourceTree = "<group>";
		};
		71ED8AB41FB19703002DF6A9 /* Cells */ = {
			isa = PBXGroup;
			children = (
				71ED8AB51FB1972A002DF6A9 /* StructureTableViewCell.h */,
				71ED8AB61FB1972A002DF6A9 /* StructureTableViewCell.m */,
			);
			path = Cells;
			sourceTree = "<group>";
		};
/* End PBXGroup section */

/* Begin PBXNativeTarget section */
		71ED8A591FAF0275002DF6A9 /* NestExample */ = {
			isa = PBXNativeTarget;
			buildConfigurationList = 71ED8A7B1FAF0275002DF6A9 /* Build configuration list for PBXNativeTarget "NestExample" */;
			buildPhases = (
				71ED8A561FAF0275002DF6A9 /* Sources */,
				71ED8A571FAF0275002DF6A9 /* Frameworks */,
				71ED8A581FAF0275002DF6A9 /* Resources */,
			);
			buildRules = (
			);
			dependencies = (
			);
			name = NestExample;
			productName = NestExample;
			productReference = 71ED8A5A1FAF0275002DF6A9 /* NestExample.app */;
			productType = "com.apple.product-type.application";
		};
		71ED8A711FAF0275002DF6A9 /* NestExampleTests */ = {
			isa = PBXNativeTarget;
			buildConfigurationList = 71ED8A7E1FAF0275002DF6A9 /* Build configuration list for PBXNativeTarget "NestExampleTests" */;
			buildPhases = (
				71ED8A6E1FAF0275002DF6A9 /* Sources */,
				71ED8A6F1FAF0275002DF6A9 /* Frameworks */,
				71ED8A701FAF0275002DF6A9 /* Resources */,
			);
			buildRules = (
			);
			dependencies = (
				71ED8A741FAF0275002DF6A9 /* PBXTargetDependency */,
			);
			name = NestExampleTests;
			productName = NestExampleTests;
			productReference = 71ED8A721FAF0275002DF6A9 /* NestExampleTests.xctest */;
			productType = "com.apple.product-type.bundle.unit-test";
		};
/* End PBXNativeTarget section */

/* Begin PBXProject section */
		71ED8A521FAF0275002DF6A9 /* Project object */ = {
			isa = PBXProject;
			attributes = {
				LastUpgradeCheck = 0900;
				ORGANIZATIONNAME = "Alexandr Gaidukov";
				TargetAttributes = {
					71ED8A591FAF0275002DF6A9 = {
						CreatedOnToolsVersion = 9.0.1;
						ProvisioningStyle = Automatic;
					};
					71ED8A711FAF0275002DF6A9 = {
						CreatedOnToolsVersion = 9.0.1;
						ProvisioningStyle = Automatic;
						TestTargetID = 71ED8A591FAF0275002DF6A9;
					};
				};
			};
			buildConfigurationList = 71ED8A551FAF0275002DF6A9 /* Build configuration list for PBXProject "NestExample" */;
			compatibilityVersion = "Xcode 8.0";
			developmentRegion = en;
			hasScannedForEncodings = 0;
			knownRegions = (
				en,
				Base,
			);
			mainGroup = 71ED8A511FAF0275002DF6A9;
			productRefGroup = 71ED8A5B1FAF0275002DF6A9 /* Products */;
			projectDirPath = "";
			projectRoot = "";
			targets = (
				71ED8A591FAF0275002DF6A9 /* NestExample */,
				71ED8A711FAF0275002DF6A9 /* NestExampleTests */,
			);
		};
/* End PBXProject section */

/* Begin PBXResourcesBuildPhase section */
		71ED8A581FAF0275002DF6A9 /* Resources */ = {
			isa = PBXResourcesBuildPhase;
			buildActionMask = 2147483647;
			files = (
				71ED8A6A1FAF0275002DF6A9 /* LaunchScreen.storyboard in Resources */,
				71ED8A671FAF0275002DF6A9 /* Assets.xcassets in Resources */,
				71ED8A651FAF0275002DF6A9 /* Main.storyboard in Resources */,
			);
			runOnlyForDeploymentPostprocessing = 0;
		};
		71ED8A701FAF0275002DF6A9 /* Resources */ = {
			isa = PBXResourcesBuildPhase;
			buildActionMask = 2147483647;
			files = (
			);
			runOnlyForDeploymentPostprocessing = 0;
		};
/* End PBXResourcesBuildPhase section */

/* Begin PBXSourcesBuildPhase section */
		71ED8A561FAF0275002DF6A9 /* Sources */ = {
			isa = PBXSourcesBuildPhase;
			buildActionMask = 2147483647;
			files = (
				71ED8A941FAF3F37002DF6A9 /* AuthenticationViewController.m in Sources */,
				71ED8A8A1FAF074F002DF6A9 /* AuthenticationManager.m in Sources */,
				71ED8A911FAF33E6002DF6A9 /* Keychain.m in Sources */,
				71ED8A621FAF0275002DF6A9 /* StructuresViewController.m in Sources */,
				71ED8AA51FB0611B002DF6A9 /* NSMutableURLRequest+Nest.m in Sources */,
				71ED8AA21FB05D3C002DF6A9 /* NSURL+Nest.m in Sources */,
				71ED8A6D1FAF0275002DF6A9 /* main.m in Sources */,
				71ED8AB71FB1972A002DF6A9 /* StructureTableViewCell.m in Sources */,
				71ED8AAF1FB0F376002DF6A9 /* Structure.m in Sources */,
				71ED8AA81FB068DA002DF6A9 /* NestNavigationController.m in Sources */,
				71ED8A9C1FB05ABE002DF6A9 /* RESTClient.m in Sources */,
				71ED8A5F1FAF0275002DF6A9 /* AppDelegate.m in Sources */,
				71ED8A841FAF029E002DF6A9 /* AccessToken.m in Sources */,
				71ED8A8D1FAF0980002DF6A9 /* Constants.m in Sources */,
				71ED8AAC1FB08C5B002DF6A9 /* StructureManager.m in Sources */,
				71ED8AB21FB0F6D4002DF6A9 /* Thermostat.m in Sources */,
			);
			runOnlyForDeploymentPostprocessing = 0;
		};
		71ED8A6E1FAF0275002DF6A9 /* Sources */ = {
			isa = PBXSourcesBuildPhase;
			buildActionMask = 2147483647;
			files = (
				71ED8A771FAF0275002DF6A9 /* NestExampleTests.m in Sources */,
			);
			runOnlyForDeploymentPostprocessing = 0;
		};
/* End PBXSourcesBuildPhase section */

/* Begin PBXTargetDependency section */
		71ED8A741FAF0275002DF6A9 /* PBXTargetDependency */ = {
			isa = PBXTargetDependency;
			target = 71ED8A591FAF0275002DF6A9 /* NestExample */;
			targetProxy = 71ED8A731FAF0275002DF6A9 /* PBXContainerItemProxy */;
		};
/* End PBXTargetDependency section */

/* Begin PBXVariantGroup section */
		71ED8A631FAF0275002DF6A9 /* Main.storyboard */ = {
			isa = PBXVariantGroup;
			children = (
				71ED8A641FAF0275002DF6A9 /* Base */,
			);
			name = Main.storyboard;
			sourceTree = "<group>";
		};
		71ED8A681FAF0275002DF6A9 /* LaunchScreen.storyboard */ = {
			isa = PBXVariantGroup;
			children = (
				71ED8A691FAF0275002DF6A9 /* Base */,
			);
			name = LaunchScreen.storyboard;
			sourceTree = "<group>";
		};
/* End PBXVariantGroup section */

/* Begin XCBuildConfiguration section */
		71ED8A791FAF0275002DF6A9 /* Debug */ = {
			isa = XCBuildConfiguration;
			buildSettings = {
				ALWAYS_SEARCH_USER_PATHS = NO;
				CLANG_ANALYZER_NONNULL = YES;
				CLANG_ANALYZER_NUMBER_OBJECT_CONVERSION = YES_AGGRESSIVE;
				CLANG_CXX_LANGUAGE_STANDARD = "gnu++14";
				CLANG_CXX_LIBRARY = "libc++";
				CLANG_ENABLE_MODULES = YES;
				CLANG_ENABLE_OBJC_ARC = YES;
				CLANG_WARN_BLOCK_CAPTURE_AUTORELEASING = YES;
				CLANG_WARN_BOOL_CONVERSION = YES;
				CLANG_WARN_COMMA = YES;
				CLANG_WARN_CONSTANT_CONVERSION = YES;
				CLANG_WARN_DIRECT_OBJC_ISA_USAGE = YES_ERROR;
				CLANG_WARN_DOCUMENTATION_COMMENTS = YES;
				CLANG_WARN_EMPTY_BODY = YES;
				CLANG_WARN_ENUM_CONVERSION = YES;
				CLANG_WARN_INFINITE_RECURSION = YES;
				CLANG_WARN_INT_CONVERSION = YES;
				CLANG_WARN_NON_LITERAL_NULL_CONVERSION = YES;
				CLANG_WARN_OBJC_LITERAL_CONVERSION = YES;
				CLANG_WARN_OBJC_ROOT_CLASS = YES_ERROR;
				CLANG_WARN_RANGE_LOOP_ANALYSIS = YES;
				CLANG_WARN_STRICT_PROTOTYPES = YES;
				CLANG_WARN_SUSPICIOUS_MOVE = YES;
				CLANG_WARN_UNGUARDED_AVAILABILITY = YES_AGGRESSIVE;
				CLANG_WARN_UNREACHABLE_CODE = YES;
				CLANG_WARN__DUPLICATE_METHOD_MATCH = YES;
				CODE_SIGN_IDENTITY = "iPhone Developer";
				COPY_PHASE_STRIP = NO;
				DEBUG_INFORMATION_FORMAT = dwarf;
				ENABLE_STRICT_OBJC_MSGSEND = YES;
				ENABLE_TESTABILITY = YES;
				GCC_C_LANGUAGE_STANDARD = gnu11;
				GCC_DYNAMIC_NO_PIC = NO;
				GCC_NO_COMMON_BLOCKS = YES;
				GCC_OPTIMIZATION_LEVEL = 0;
				GCC_PREPROCESSOR_DEFINITIONS = (
					"DEBUG=1",
					"$(inherited)",
				);
				GCC_WARN_64_TO_32_BIT_CONVERSION = YES;
				GCC_WARN_ABOUT_RETURN_TYPE = YES_ERROR;
				GCC_WARN_UNDECLARED_SELECTOR = YES;
				GCC_WARN_UNINITIALIZED_AUTOS = YES_AGGRESSIVE;
				GCC_WARN_UNUSED_FUNCTION = YES;
				GCC_WARN_UNUSED_VARIABLE = YES;
				IPHONEOS_DEPLOYMENT_TARGET = 10.0;
				MTL_ENABLE_DEBUG_INFO = YES;
				ONLY_ACTIVE_ARCH = YES;
				SDKROOT = iphoneos;
			};
			name = Debug;
		};
		71ED8A7A1FAF0275002DF6A9 /* Release */ = {
			isa = XCBuildConfiguration;
			buildSettings = {
				ALWAYS_SEARCH_USER_PATHS = NO;
				CLANG_ANALYZER_NONNULL = YES;
				CLANG_ANALYZER_NUMBER_OBJECT_CONVERSION = YES_AGGRESSIVE;
				CLANG_CXX_LANGUAGE_STANDARD = "gnu++14";
				CLANG_CXX_LIBRARY = "libc++";
				CLANG_ENABLE_MODULES = YES;
				CLANG_ENABLE_OBJC_ARC = YES;
				CLANG_WARN_BLOCK_CAPTURE_AUTORELEASING = YES;
				CLANG_WARN_BOOL_CONVERSION = YES;
				CLANG_WARN_COMMA = YES;
				CLANG_WARN_CONSTANT_CONVERSION = YES;
				CLANG_WARN_DIRECT_OBJC_ISA_USAGE = YES_ERROR;
				CLANG_WARN_DOCUMENTATION_COMMENTS = YES;
				CLANG_WARN_EMPTY_BODY = YES;
				CLANG_WARN_ENUM_CONVERSION = YES;
				CLANG_WARN_INFINITE_RECURSION = YES;
				CLANG_WARN_INT_CONVERSION = YES;
				CLANG_WARN_NON_LITERAL_NULL_CONVERSION = YES;
				CLANG_WARN_OBJC_LITERAL_CONVERSION = YES;
				CLANG_WARN_OBJC_ROOT_CLASS = YES_ERROR;
				CLANG_WARN_RANGE_LOOP_ANALYSIS = YES;
				CLANG_WARN_STRICT_PROTOTYPES = YES;
				CLANG_WARN_SUSPICIOUS_MOVE = YES;
				CLANG_WARN_UNGUARDED_AVAILABILITY = YES_AGGRESSIVE;
				CLANG_WARN_UNREACHABLE_CODE = YES;
				CLANG_WARN__DUPLICATE_METHOD_MATCH = YES;
				CODE_SIGN_IDENTITY = "iPhone Developer";
				COPY_PHASE_STRIP = NO;
				DEBUG_INFORMATION_FORMAT = "dwarf-with-dsym";
				ENABLE_NS_ASSERTIONS = NO;
				ENABLE_STRICT_OBJC_MSGSEND = YES;
				GCC_C_LANGUAGE_STANDARD = gnu11;
				GCC_NO_COMMON_BLOCKS = YES;
				GCC_WARN_64_TO_32_BIT_CONVERSION = YES;
				GCC_WARN_ABOUT_RETURN_TYPE = YES_ERROR;
				GCC_WARN_UNDECLARED_SELECTOR = YES;
				GCC_WARN_UNINITIALIZED_AUTOS = YES_AGGRESSIVE;
				GCC_WARN_UNUSED_FUNCTION = YES;
				GCC_WARN_UNUSED_VARIABLE = YES;
				IPHONEOS_DEPLOYMENT_TARGET = 10.0;
				MTL_ENABLE_DEBUG_INFO = NO;
				SDKROOT = iphoneos;
				VALIDATE_PRODUCT = YES;
			};
			name = Release;
		};
		71ED8A7C1FAF0275002DF6A9 /* Debug */ = {
			isa = XCBuildConfiguration;
			buildSettings = {
				ASSETCATALOG_COMPILER_APPICON_NAME = AppIcon;
				CODE_SIGN_STYLE = Automatic;
				DEVELOPMENT_TEAM = K6A4PB358T;
				INFOPLIST_FILE = NestExample/Info.plist;
				LD_RUNPATH_SEARCH_PATHS = "$(inherited) @executable_path/Frameworks";
				PRODUCT_BUNDLE_IDENTIFIER = com.alexandergaidukov.NestExample;
				PRODUCT_NAME = "$(TARGET_NAME)";
				TARGETED_DEVICE_FAMILY = "1,2";
			};
			name = Debug;
		};
		71ED8A7D1FAF0275002DF6A9 /* Release */ = {
			isa = XCBuildConfiguration;
			buildSettings = {
				ASSETCATALOG_COMPILER_APPICON_NAME = AppIcon;
				CODE_SIGN_STYLE = Automatic;
				DEVELOPMENT_TEAM = K6A4PB358T;
				INFOPLIST_FILE = NestExample/Info.plist;
				LD_RUNPATH_SEARCH_PATHS = "$(inherited) @executable_path/Frameworks";
				PRODUCT_BUNDLE_IDENTIFIER = com.alexandergaidukov.NestExample;
				PRODUCT_NAME = "$(TARGET_NAME)";
				TARGETED_DEVICE_FAMILY = "1,2";
			};
			name = Release;
		};
		71ED8A7F1FAF0275002DF6A9 /* Debug */ = {
			isa = XCBuildConfiguration;
			buildSettings = {
				BUNDLE_LOADER = "$(TEST_HOST)";
				CODE_SIGN_STYLE = Automatic;
				DEVELOPMENT_TEAM = K6A4PB358T;
				INFOPLIST_FILE = NestExampleTests/Info.plist;
				LD_RUNPATH_SEARCH_PATHS = "$(inherited) @executable_path/Frameworks @loader_path/Frameworks";
				PRODUCT_BUNDLE_IDENTIFIER = com.alexandergaidukov.NestExampleTests;
				PRODUCT_NAME = "$(TARGET_NAME)";
				TARGETED_DEVICE_FAMILY = "1,2";
				TEST_HOST = "$(BUILT_PRODUCTS_DIR)/NestExample.app/NestExample";
			};
			name = Debug;
		};
		71ED8A801FAF0275002DF6A9 /* Release */ = {
			isa = XCBuildConfiguration;
			buildSettings = {
				BUNDLE_LOADER = "$(TEST_HOST)";
				CODE_SIGN_STYLE = Automatic;
				DEVELOPMENT_TEAM = K6A4PB358T;
				INFOPLIST_FILE = NestExampleTests/Info.plist;
				LD_RUNPATH_SEARCH_PATHS = "$(inherited) @executable_path/Frameworks @loader_path/Frameworks";
				PRODUCT_BUNDLE_IDENTIFIER = com.alexandergaidukov.NestExampleTests;
				PRODUCT_NAME = "$(TARGET_NAME)";
				TARGETED_DEVICE_FAMILY = "1,2";
				TEST_HOST = "$(BUILT_PRODUCTS_DIR)/NestExample.app/NestExample";
			};
			name = Release;
		};
/* End XCBuildConfiguration section */

/* Begin XCConfigurationList section */
		71ED8A551FAF0275002DF6A9 /* Build configuration list for PBXProject "NestExample" */ = {
			isa = XCConfigurationList;
			buildConfigurations = (
				71ED8A791FAF0275002DF6A9 /* Debug */,
				71ED8A7A1FAF0275002DF6A9 /* Release */,
			);
			defaultConfigurationIsVisible = 0;
			defaultConfigurationName = Release;
		};
		71ED8A7B1FAF0275002DF6A9 /* Build configuration list for PBXNativeTarget "NestExample" */ = {
			isa = XCConfigurationList;
			buildConfigurations = (
				71ED8A7C1FAF0275002DF6A9 /* Debug */,
				71ED8A7D1FAF0275002DF6A9 /* Release */,
			);
			defaultConfigurationIsVisible = 0;
			defaultConfigurationName = Release;
		};
		71ED8A7E1FAF0275002DF6A9 /* Build configuration list for PBXNativeTarget "NestExampleTests" */ = {
			isa = XCConfigurationList;
			buildConfigurations = (
				71ED8A7F1FAF0275002DF6A9 /* Debug */,
				71ED8A801FAF0275002DF6A9 /* Release */,
			);
			defaultConfigurationIsVisible = 0;
			defaultConfigurationName = Release;
		};
/* End XCConfigurationList section */
	};
	rootObject = 71ED8A521FAF0275002DF6A9 /* Project object */;
}
